{
  "schema_version": "franken-engine.repro-lock.v1",
  "schema_hash": "sha256:repro-lock-schema-v1",
  "generated_at_utc": "2026-04-17T15:20:48Z",
  "lock_id": "parser-phase0-lock-v1",
  "manifest_id": "parser-phase0-manifest-v1",
  "source_commit": "bebc96bd7593fc8d30f405fee920f73a298ae69f",
  "determinism": {
    "allow_network": false,
    "allow_wall_clock": false,
    "allow_randomness": false,
    "max_clock_skew_seconds": 0
  },
  "commands": [
    "cargo run -p frankenengine-engine --bin franken_parser_phase0_report --quiet",
    "cargo test -p frankenengine-engine --test parser_trait_ast --test parser_edge_cases --test parser_phase0_semantic_fixtures --test parser_phase0_metamorphic"
  ],
  "inputs": [
    {
      "path": "crates/franken-engine/tests/fixtures/parser_phase0_semantic_fixtures.json",
      "sha256": "sha256:bf9e3ce2c5f5053eba20d2f2bec739116baeb38bcd7c8eb6816874e9c9885fd7",
      "kind": "input"
    }
  ],
  "expected_outputs": [
    {
      "path": "artifacts/parser_phase0/baseline.json",
      "sha256": "sha256:673fc50caf946a651adc6c85a809d455edb508a73d3c72a37fb71052b487f182",
      "kind": "output"
    },
    {
      "path": "artifacts/parser_phase0/provenance.json",
      "sha256": "sha256:e73972a6475a6797793592f3f177117226a42bba4533233de0b27ee37bfa8732",
      "kind": "output"
    }
  ],
  "replay": {
    "trace_id": "trace.parser.phase0",
    "replay_pointer": "replay://parser-phase0"
  },
  "verification": {
    "command": "cargo test -p frankenengine-engine --test parser_trait_ast --test parser_edge_cases --test parser_phase0_semantic_fixtures --test parser_phase0_metamorphic",
    "expected_verdict": "pass"
  }
}
