{
  "schema_version": "franken-engine.repro-lock.v1",
  "schema_hash": "sha256:repro-lock-schema-v1",
  "generated_at_utc": "2026-04-18T01:29:34Z",
  "lock_id": "parser-phase0-lock-v1",
  "manifest_id": "parser-phase0-manifest-v1",
  "source_commit": "73d61ea13a2b836a6073159e826d07dafd757118",
  "determinism": {
    "allow_network": false,
    "allow_wall_clock": false,
    "allow_randomness": false,
    "max_clock_skew_seconds": 0
  },
  "commands": [
    "cargo run -p frankenengine-engine --bin franken_parser_phase0_report --quiet",
    "cargo test -p frankenengine-engine --test parser_trait_ast --test parser_edge_cases --test parser_phase0_semantic_fixtures --test parser_phase0_metamorphic"
  ],
  "inputs": [
    {
      "path": "crates/franken-engine/tests/fixtures/parser_phase0_semantic_fixtures.json",
      "sha256": "sha256:bf9e3ce2c5f5053eba20d2f2bec739116baeb38bcd7c8eb6816874e9c9885fd7",
      "kind": "input"
    }
  ],
  "expected_outputs": [
    {
      "path": "artifacts/parser_phase0/baseline.json",
      "sha256": "sha256:5278c03bc854aaae362b7c57f28f6ebb08bfae52c639964c7eeca96049d9bee5",
      "kind": "output"
    },
    {
      "path": "artifacts/parser_phase0/provenance.json",
      "sha256": "sha256:dbcad01450abdf58b469e0aa66a5ff371f32ecbd63caae8d6a56ca00b3051a16",
      "kind": "output"
    }
  ],
  "replay": {
    "trace_id": "trace.parser.phase0",
    "replay_pointer": "replay://parser-phase0"
  },
  "verification": {
    "command": "cargo test -p frankenengine-engine --test parser_trait_ast --test parser_edge_cases --test parser_phase0_semantic_fixtures --test parser_phase0_metamorphic",
    "expected_verdict": "pass"
  }
}
