{
  "commands": {
    "cleanup": "cargo clean",
    "environment_setup": "export CARGO_INCREMENTAL=0",
    "verification": "CARGO_TARGET_DIR=/data/projects/franken_engine/target_<agent> CARGO_INCREMENTAL=0 RUSTFLAGS=\"-C linker=cc\" cargo check -p frankenengine-engine --tests"
  },
  "determinism": {
    "environment_isolation": "containerized",
    "mode": "strict",
    "reproducible_builds": true,
    "seed_control": "fixed"
  },
  "expected_outputs": {
    "deterministic_trace": true,
    "evidence_generated": true,
    "exit_code": 0,
    "verification_success": true
  },
  "generated_at_utc": "2026-05-21T19:32:39.527264+00:00",
  "inputs": {
    "dependencies": [
      "Cargo.toml",
      "Cargo.lock",
      "crates/franken-engine/Cargo.toml"
    ],
    "primary_artifact": {
      "hash": "9d7a45228bbfdbc0d398de9518c4dd708427ae390ad75891bb5803f94ee40991",
      "path": "docs/audit/ga_success_criteria_gap_analysis.md",
      "size_bytes": 18032
    }
  },
  "lock_id": "lock-fe-claim-001-20260521193239",
  "manifest_id": "manifest-fe-claim-001-20260521",
  "replay": {
    "command_sequence": [
      "cargo check -p frankenengine-engine --tests"
    ],
    "environment_vars": {
      "CARGO_INCREMENTAL": "0",
      "RUSTFLAGS": "-C linker=cc"
    },
    "working_directory": "/data/projects/franken_engine"
  },
  "schema_hash": "sha256:9f0a1b2c3d4e5f6789abcdef0123456789abcdef0123456789abcdef01234567",
  "schema_version": "frankenengine.reproducibility.lock.v1",
  "source_commit": "379944dbcfeef8db14666525bb3f053c33843bd7",
  "verification": {
    "freshness_check": "required",
    "hash_algorithm": "sha256",
    "replay_validation": "automated",
    "signature_required": false
  }
}
